// !$*UTF8*$!
{
	archiveVersion = 1;
	classes = {
	};
	objectVersion = 55;
	objects = {

/* Begin PBXBuildFile section */
		3049BF3D26C9D562001E2EF1 /* PocketNetworkingApp.swift in Sources */ = {isa = PBXBuildFile; fileRef = 3049BF3C26C9D562001E2EF1 /* PocketNetworkingApp.swift */; };
		3049BF3F26C9D562001E2EF1 /* ContentView.swift in Sources */ = {isa = PBXBuildFile; fileRef = 3049BF3E26C9D562001E2EF1 /* ContentView.swift */; };
		3049BF4126C9D564001E2EF1 /* Assets.xcassets in Resources */ = {isa = PBXBuildFile; fileRef = 3049BF4026C9D564001E2EF1 /* Assets.xcassets */; };
		3049BF4426C9D564001E2EF1 /* Preview Assets.xcassets in Resources */ = {isa = PBXBuildFile; fileRef = 3049BF4326C9D564001E2EF1 /* Preview Assets.xcassets */; };
		3049BF4E26C9D564001E2EF1 /* PocketNetworkingTests.swift in Sources */ = {isa = PBXBuildFile; fileRef = 3049BF4D26C9D564001E2EF1 /* PocketNetworkingTests.swift */; };
		3049BF5826C9D564001E2EF1 /* PocketNetworkingUITests.swift in Sources */ = {isa = PBXBuildFile; fileRef = 3049BF5726C9D564001E2EF1 /* PocketNetworkingUITests.swift */; };
		3049BF6626C9D58B001E2EF1 /* pocketnetworking in Frameworks */ = {isa = PBXBuildFile; productRef = 3049BF6526C9D58B001E2EF1 /* pocketnetworking */; };
/* End PBXBuildFile section */

/* Begin PBXContainerItemProxy section */
		3049BF4A26C9D564001E2EF1 /* PBXContainerItemProxy */ = {
			isa = PBXContainerItemProxy;
			containerPortal = 3049BF3126C9D562001E2EF1 /* Project object */;
			proxyType = 1;
			remoteGlobalIDString = 3049BF3826C9D562001E2EF1;
			remoteInfo = PocketNetworking;
		};
		3049BF5426C9D564001E2EF1 /* PBXContainerItemProxy */ = {
			isa = PBXContainerItemProxy;
			containerPortal = 3049BF3126C9D562001E2EF1 /* Project object */;
			proxyType = 1;
			remoteGlobalIDString = 3049BF3826C9D562001E2EF1;
			remoteInfo = PocketNetworking;
		};
/* End PBXContainerItemProxy section */

/* Begin PBXFileReference section */
		3049BF3926C9D562001E2EF1 /* PocketNetworking.app */ = {isa = PBXFileReference; explicitFileType = wrapper.application; includeInIndex = 0; path = PocketNetworking.app; sourceTree = BUILT_PRODUCTS_DIR; };
		3049BF3C26C9D562001E2EF1 /* PocketNetworkingApp.swift */ = {isa = PBXFileReference; lastKnownFileType = sourcecode.swift; path = PocketNetworkingApp.swift; sourceTree = "<group>"; };
		3049BF3E26C9D562001E2EF1 /* ContentView.swift */ = {isa = PBXFileReference; lastKnownFileType = sourcecode.swift; path = ContentView.swift; sourceTree = "<group>"; };
		3049BF4026C9D564001E2EF1 /* Assets.xcassets */ = {isa = PBXFileReference; lastKnownFileType = folder.assetcatalog; path = Assets.xcassets; sourceTree = "<group>"; };
		3049BF4326C9D564001E2EF1 /* Preview Assets.xcassets */ = {isa = PBXFileReference; lastKnownFileType = folder.assetcatalog; path = "Preview Assets.xcassets"; sourceTree = "<group>"; };
		3049BF4926C9D564001E2EF1 /* PocketNetworkingTests.xctest */ = {isa = PBXFileReference; explicitFileType = wrapper.cfbundle; includeInIndex = 0; path = PocketNetworkingTests.xctest; sourceTree = BUILT_PRODUCTS_DIR; };
		3049BF4D26C9D564001E2EF1 /* PocketNetworkingTests.swift */ = {isa = PBXFileReference; lastKnownFileType = sourcecode.swift; path = PocketNetworkingTests.swift; sourceTree = "<group>"; };
		3049BF5326C9D564001E2EF1 /* PocketNetworkingUITests.xctest */ = {isa = PBXFileReference; explicitFileType = wrapper.cfbundle; includeInIndex = 0; path = PocketNetworkingUITests.xctest; sourceTree = BUILT_PRODUCTS_DIR; };
		3049BF5726C9D564001E2EF1 /* PocketNetworkingUITests.swift */ = {isa = PBXFileReference; lastKnownFileType = sourcecode.swift; path = PocketNetworkingUITests.swift; sourceTree = "<group>"; };
/* End PBXFileReference section */

/* Begin PBXFrameworksBuildPhase section */
		3049BF3626C9D562001E2EF1 /* Frameworks */ = {
			isa = PBXFrameworksBuildPhase;
			buildActionMask = 2147483647;
			files = (
				3049BF6626C9D58B001E2EF1 /* pocketnetworking in Frameworks */,
			);
			runOnlyForDeploymentPostprocessing = 0;
		};
		3049BF4626C9D564001E2EF1 /* Frameworks */ = {
			isa = PBXFrameworksBuildPhase;
			buildActionMask = 2147483647;
			files = (
			);
			runOnlyForDeploymentPostprocessing = 0;
		};
		3049BF5026C9D564001E2EF1 /* Frameworks */ = {
			isa = PBXFrameworksBuildPhase;
			buildActionMask = 2147483647;
			files = (
			);
			runOnlyForDeploymentPostprocessing = 0;
		};
/* End PBXFrameworksBuildPhase section */

/* Begin PBXGroup section */
		3049BF3026C9D562001E2EF1 = {
			isa = PBXGroup;
			children = (
				3049BF3B26C9D562001E2EF1 /* PocketNetworking */,
				3049BF4C26C9D564001E2EF1 /* PocketNetworkingTests */,
				3049BF5626C9D564001E2EF1 /* PocketNetworkingUITests */,
				3049BF3A26C9D562001E2EF1 /* Products */,
				3049BF6426C9D58B001E2EF1 /* Frameworks */,
			);
			sourceTree = "<group>";
		};
		3049BF3A26C9D562001E2EF1 /* Products */ = {
			isa = PBXGroup;
			children = (
				3049BF3926C9D562001E2EF1 /* PocketNetworking.app */,
				3049BF4926C9D564001E2EF1 /* PocketNetworkingTests.xctest */,
				3049BF5326C9D564001E2EF1 /* PocketNetworkingUITests.xctest */,
			);
			name = Products;
			sourceTree = "<group>";
		};
		3049BF3B26C9D562001E2EF1 /* PocketNetworking */ = {
			isa = PBXGroup;
			children = (
				3049BF3C26C9D562001E2EF1 /* PocketNetworkingApp.swift */,
				3049BF3E26C9D562001E2EF1 /* ContentView.swift */,
				3049BF4026C9D564001E2EF1 /* Assets.xcassets */,
				3049BF4226C9D564001E2EF1 /* Preview Content */,
			);
			path = PocketNetworking;
			sourceTree = "<group>";
		};
		3049BF4226C9D564001E2EF1 /* Preview Content */ = {
			isa = PBXGroup;
			children = (
				3049BF4326C9D564001E2EF1 /* Preview Assets.xcassets */,
			);
			path = "Preview Content";
			sourceTree = "<group>";
		};
		3049BF4C26C9D564001E2EF1 /* PocketNetworkingTests */ = {
			isa = PBXGroup;
			children = (
				3049BF4D26C9D564001E2EF1 /* PocketNetworkingTests.swift */,
			);
			path = PocketNetworkingTests;
			sourceTree = "<group>";
		};
		3049BF5626C9D564001E2EF1 /* PocketNetworkingUITests */ = {
			isa = PBXGroup;
			children = (
				3049BF5726C9D564001E2EF1 /* PocketNetworkingUITests.swift */,
			);
			path = PocketNetworkingUITests;
			sourceTree = "<group>";
		};
		3049BF6426C9D58B001E2EF1 /* Frameworks */ = {
			isa = PBXGroup;
			children = (
			);
			name = Frameworks;
			sourceTree = "<group>";
		};
/* End PBXGroup section */

/* Begin PBXNativeTarget section */
		3049BF3826C9D562001E2EF1 /* PocketNetworking */ = {
			isa = PBXNativeTarget;
			buildConfigurationList = 3049BF5B26C9D564001E2EF1 /* Build configuration list for PBXNativeTarget "PocketNetworking" */;
			buildPhases = (
				3049BF3526C9D562001E2EF1 /* Sources */,
				3049BF3626C9D562001E2EF1 /* Frameworks */,
				3049BF3726C9D562001E2EF1 /* Resources */,
			);
			buildRules = (
			);
			dependencies = (
			);
			name = PocketNetworking;
			packageProductDependencies = (
				3049BF6526C9D58B001E2EF1 /* pocketnetworking */,
			);
			productName = PocketNetworking;
			productReference = 3049BF3926C9D562001E2EF1 /* PocketNetworking.app */;
			productType = "com.apple.product-type.application";
		};
		3049BF4826C9D564001E2EF1 /* PocketNetworkingTests */ = {
			isa = PBXNativeTarget;
			buildConfigurationList = 3049BF5E26C9D564001E2EF1 /* Build configuration list for PBXNativeTarget "PocketNetworkingTests" */;
			buildPhases = (
				3049BF4526C9D564001E2EF1 /* Sources */,
				3049BF4626C9D564001E2EF1 /* Frameworks */,
				3049BF4726C9D564001E2EF1 /* Resources */,
			);
			buildRules = (
			);
			dependencies = (
				3049BF4B26C9D564001E2EF1 /* PBXTargetDependency */,
			);
			name = PocketNetworkingTests;
			productName = PocketNetworkingTests;
			productReference = 3049BF4926C9D564001E2EF1 /* PocketNetworkingTests.xctest */;
			productType = "com.apple.product-type.bundle.unit-test";
		};
		3049BF5226C9D564001E2EF1 /* PocketNetworkingUITests */ = {
			isa = PBXNativeTarget;
			buildConfigurationList = 3049BF6126C9D564001E2EF1 /* Build configuration list for PBXNativeTarget "PocketNetworkingUITests" */;
			buildPhases = (
				3049BF4F26C9D564001E2EF1 /* Sources */,
				3049BF5026C9D564001E2EF1 /* Frameworks */,
				3049BF5126C9D564001E2EF1 /* Resources */,
			);
			buildRules = (
			);
			dependencies = (
				3049BF5526C9D564001E2EF1 /* PBXTargetDependency */,
			);
			name = PocketNetworkingUITests;
			productName = PocketNetworkingUITests;
			productReference = 3049BF5326C9D564001E2EF1 /* PocketNetworkingUITests.xctest */;
			productType = "com.apple.product-type.bundle.ui-testing";
		};
/* End PBXNativeTarget section */

/* Begin PBXProject section */
		3049BF3126C9D562001E2EF1 /* Project object */ = {
			isa = PBXProject;
			attributes = {
				BuildIndependentTargetsInParallel = 1;
				LastSwiftUpdateCheck = 1300;
				LastUpgradeCheck = 1300;
				TargetAttributes = {
					3049BF3826C9D562001E2EF1 = {
						CreatedOnToolsVersion = 13.0;
					};
					3049BF4826C9D564001E2EF1 = {
						CreatedOnToolsVersion = 13.0;
						TestTargetID = 3049BF3826C9D562001E2EF1;
					};
					3049BF5226C9D564001E2EF1 = {
						CreatedOnToolsVersion = 13.0;
						TestTargetID = 3049BF3826C9D562001E2EF1;
					};
				};
			};
			buildConfigurationList = 3049BF3426C9D562001E2EF1 /* Build configuration list for PBXProject "PocketNetworking" */;
			compatibilityVersion = "Xcode 13.0";
			developmentRegion = en;
			hasScannedForEncodings = 0;
			knownRegions = (
				en,
				Base,
			);
			mainGroup = 3049BF3026C9D562001E2EF1;
			productRefGroup = 3049BF3A26C9D562001E2EF1 /* Products */;
			projectDirPath = "";
			projectRoot = "";
			targets = (
				3049BF3826C9D562001E2EF1 /* PocketNetworking */,
				3049BF4826C9D564001E2EF1 /* PocketNetworkingTests */,
				3049BF5226C9D564001E2EF1 /* PocketNetworkingUITests */,
			);
		};
/* End PBXProject section */

/* Begin PBXResourcesBuildPhase section */
		3049BF3726C9D562001E2EF1 /* Resources */ = {
			isa = PBXResourcesBuildPhase;
			buildActionMask = 2147483647;
			files = (
				3049BF4426C9D564001E2EF1 /* Preview Assets.xcassets in Resources */,
				3049BF4126C9D564001E2EF1 /* Assets.xcassets in Resources */,
			);
			runOnlyForDeploymentPostprocessing = 0;
		};
		3049BF4726C9D564001E2EF1 /* Resources */ = {
			isa = PBXResourcesBuildPhase;
			buildActionMask = 2147483647;
			files = (
			);
			runOnlyForDeploymentPostprocessing = 0;
		};
		3049BF5126C9D564001E2EF1 /* Resources */ = {
			isa = PBXResourcesBuildPhase;
			buildActionMask = 2147483647;
			files = (
			);
			runOnlyForDeploymentPostprocessing = 0;
		};
/* End PBXResourcesBuildPhase section */

/* Begin PBXSourcesBuildPhase section */
		3049BF3526C9D562001E2EF1 /* Sources */ = {
			isa = PBXSourcesBuildPhase;
			buildActionMask = 2147483647;
			files = (
				3049BF3F26C9D562001E2EF1 /* ContentView.swift in Sources */,
				3049BF3D26C9D562001E2EF1 /* PocketNetworkingApp.swift in Sources */,
			);
			runOnlyForDeploymentPostprocessing = 0;
		};
		3049BF4526C9D564001E2EF1 /* Sources */ = {
			isa = PBXSourcesBuildPhase;
			buildActionMask = 2147483647;
			files = (
				3049BF4E26C9D564001E2EF1 /* PocketNetworkingTests.swift in Sources */,
			);
			runOnlyForDeploymentPostprocessing = 0;
		};
		3049BF4F26C9D564001E2EF1 /* Sources */ = {
			isa = PBXSourcesBuildPhase;
			buildActionMask = 2147483647;
			files = (
				3049BF5826C9D564001E2EF1 /* PocketNetworkingUITests.swift in Sources */,
			);
			runOnlyForDeploymentPostprocessing = 0;
		};
/* End PBXSourcesBuildPhase section */

/* Begin PBXTargetDependency section */
		3049BF4B26C9D564001E2EF1 /* PBXTargetDependency */ = {
			isa = PBXTargetDependency;
			target = 3049BF3826C9D562001E2EF1 /* PocketNetworking */;
			targetProxy = 3049BF4A26C9D564001E2EF1 /* PBXContainerItemProxy */;
		};
		3049BF5526C9D564001E2EF1 /* PBXTargetDependency */ = {
			isa = PBXTargetDependency;
			target = 3049BF3826C9D562001E2EF1 /* PocketNetworking */;
			targetProxy = 3049BF5426C9D564001E2EF1 /* PBXContainerItemProxy */;
		};
/* End PBXTargetDependency section */

/* Begin XCBuildConfiguration section */
		3049BF5926C9D564001E2EF1 /* Debug */ = {
			isa = XCBuildConfiguration;
			buildSettings = {
				ALWAYS_SEARCH_USER_PATHS = NO;
				CLANG_ANALYZER_NONNULL = YES;
				CLANG_ANALYZER_NUMBER_OBJECT_CONVERSION = YES_AGGRESSIVE;
				CLANG_CXX_LANGUAGE_STANDARD = "gnu++17";
				CLANG_CXX_LIBRARY = "libc++";
				CLANG_ENABLE_MODULES = YES;
				CLANG_ENABLE_OBJC_ARC = YES;
				CLANG_ENABLE_OBJC_WEAK = YES;
				CLANG_WARN_BLOCK_CAPTURE_AUTORELEASING = YES;
				CLANG_WARN_BOOL_CONVERSION = YES;
				CLANG_WARN_COMMA = YES;
				CLANG_WARN_CONSTANT_CONVERSION = YES;
				CLANG_WARN_DEPRECATED_OBJC_IMPLEMENTATIONS = YES;
				CLANG_WARN_DIRECT_OBJC_ISA_USAGE = YES_ERROR;
				CLANG_WARN_DOCUMENTATION_COMMENTS = YES;
				CLANG_WARN_EMPTY_BODY = YES;
				CLANG_WARN_ENUM_CONVERSION = YES;
				CLANG_WARN_INFINITE_RECURSION = YES;
				CLANG_WARN_INT_CONVERSION = YES;
				CLANG_WARN_NON_LITERAL_NULL_CONVERSION = YES;
				CLANG_WARN_OBJC_IMPLICIT_RETAIN_SELF = YES;
				CLANG_WARN_OBJC_LITERAL_CONVERSION = YES;
				CLANG_WARN_OBJC_ROOT_CLASS = YES_ERROR;
				CLANG_WARN_QUOTED_INCLUDE_IN_FRAMEWORK_HEADER = YES;
				CLANG_WARN_RANGE_LOOP_ANALYSIS = YES;
				CLANG_WARN_STRICT_PROTOTYPES = YES;
				CLANG_WARN_SUSPICIOUS_MOVE = YES;
				CLANG_WARN_UNGUARDED_AVAILABILITY = YES_AGGRESSIVE;
				CLANG_WARN_UNREACHABLE_CODE = YES;
				CLANG_WARN__DUPLICATE_METHOD_MATCH = YES;
				COPY_PHASE_STRIP = NO;
				DEBUG_INFORMATION_FORMAT = dwarf;
				ENABLE_STRICT_OBJC_MSGSEND = YES;
				ENABLE_TESTABILITY = YES;
				GCC_C_LANGUAGE_STANDARD = gnu11;
				GCC_DYNAMIC_NO_PIC = NO;
				GCC_NO_COMMON_BLOCKS = YES;
				GCC_OPTIMIZATION_LEVEL = 0;
				GCC_PREPROCESSOR_DEFINITIONS = (
					"DEBUG=1",
					"$(inherited)",
				);
				GCC_WARN_64_TO_32_BIT_CONVERSION = YES;
				GCC_WARN_ABOUT_RETURN_TYPE = YES_ERROR;
				GCC_WARN_UNDECLARED_SELECTOR = YES;
				GCC_WARN_UNINITIALIZED_AUTOS = YES_AGGRESSIVE;
				GCC_WARN_UNUSED_FUNCTION = YES;
				GCC_WARN_UNUSED_VARIABLE = YES;
				IPHONEOS_DEPLOYMENT_TARGET = 15.0;
				MTL_ENABLE_DEBUG_INFO = INCLUDE_SOURCE;
				MTL_FAST_MATH = YES;
				ONLY_ACTIVE_ARCH = YES;
				SDKROOT = iphoneos;
				SWIFT_ACTIVE_COMPILATION_CONDITIONS = DEBUG;
				SWIFT_OPTIMIZATION_LEVEL = "-Onone";
			};
			name = Debug;
		};
		3049BF5A26C9D564001E2EF1 /* Release */ = {
			isa = XCBuildConfiguration;
			buildSettings = {
				ALWAYS_SEARCH_USER_PATHS = NO;
				CLANG_ANALYZER_NONNULL = YES;
				CLANG_ANALYZER_NUMBER_OBJECT_CONVERSION = YES_AGGRESSIVE;
				CLANG_CXX_LANGUAGE_STANDARD = "gnu++17";
				CLANG_CXX_LIBRARY = "libc++";
				CLANG_ENABLE_MODULES = YES;
				CLANG_ENABLE_OBJC_ARC = YES;
				CLANG_ENABLE_OBJC_WEAK = YES;
				CLANG_WARN_BLOCK_CAPTURE_AUTORELEASING = YES;
				CLANG_WARN_BOOL_CONVERSION = YES;
				CLANG_WARN_COMMA = YES;
				CLANG_WARN_CONSTANT_CONVERSION = YES;
				CLANG_WARN_DEPRECATED_OBJC_IMPLEMENTATIONS = YES;
				CLANG_WARN_DIRECT_OBJC_ISA_USAGE = YES_ERROR;
				CLANG_WARN_DOCUMENTATION_COMMENTS = YES;
				CLANG_WARN_EMPTY_BODY = YES;
				CLANG_WARN_ENUM_CONVERSION = YES;
				CLANG_WARN_INFINITE_RECURSION = YES;
				CLANG_WARN_INT_CONVERSION = YES;
				CLANG_WARN_NON_LITERAL_NULL_CONVERSION = YES;
				CLANG_WARN_OBJC_IMPLICIT_RETAIN_SELF = YES;
				CLANG_WARN_OBJC_LITERAL_CONVERSION = YES;
				CLANG_WARN_OBJC_ROOT_CLASS = YES_ERROR;
				CLANG_WARN_QUOTED_INCLUDE_IN_FRAMEWORK_HEADER = YES;
				CLANG_WARN_RANGE_LOOP_ANALYSIS = YES;
				CLANG_WARN_STRICT_PROTOTYPES = YES;
				CLANG_WARN_SUSPICIOUS_MOVE = YES;
				CLANG_WARN_UNGUARDED_AVAILABILITY = YES_AGGRESSIVE;
				CLANG_WARN_UNREACHABLE_CODE = YES;
				CLANG_WARN__DUPLICATE_METHOD_MATCH = YES;
				COPY_PHASE_STRIP = NO;
				DEBUG_INFORMATION_FORMAT = "dwarf-with-dsym";
				ENABLE_NS_ASSERTIONS = NO;
				ENABLE_STRICT_OBJC_MSGSEND = YES;
				GCC_C_LANGUAGE_STANDARD = gnu11;
				GCC_NO_COMMON_BLOCKS = YES;
				GCC_WARN_64_TO_32_BIT_CONVERSION = YES;
				GCC_WARN_ABOUT_RETURN_TYPE = YES_ERROR;
				GCC_WARN_UNDECLARED_SELECTOR = YES;
				GCC_WARN_UNINITIALIZED_AUTOS = YES_AGGRESSIVE;
				GCC_WARN_UNUSED_FUNCTION = YES;
				GCC_WARN_UNUSED_VARIABLE = YES;
				IPHONEOS_DEPLOYMENT_TARGET = 15.0;
				MTL_ENABLE_DEBUG_INFO = NO;
				MTL_FAST_MATH = YES;
				SDKROOT = iphoneos;
				SWIFT_COMPILATION_MODE = wholemodule;
				SWIFT_OPTIMIZATION_LEVEL = "-O";
				VALIDATE_PRODUCT = YES;
			};
			name = Release;
		};
		3049BF5C26C9D564001E2EF1 /* Debug */ = {
			isa = XCBuildConfiguration;
			buildSettings = {
				ASSETCATALOG_COMPILER_APPICON_NAME = AppIcon;
				ASSETCATALOG_COMPILER_GLOBAL_ACCENT_COLOR_NAME = AccentColor;
				CODE_SIGN_STYLE = Automatic;
				CURRENT_PROJECT_VERSION = 1;
				DEVELOPMENT_ASSET_PATHS = "\"PocketNetworking/Preview Content\"";
				DEVELOPMENT_TEAM = JUS3FL3A74;
				ENABLE_PREVIEWS = YES;
				GENERATE_INFOPLIST_FILE = YES;
				INFOPLIST_KEY_UIApplicationSceneManifest_Generation = YES;
				INFOPLIST_KEY_UIApplicationSupportsIndirectInputEvents = YES;
				INFOPLIST_KEY_UILaunchScreen_Generation = YES;
				INFOPLIST_KEY_UISupportedInterfaceOrientations_iPad = "UIInterfaceOrientationPortrait UIInterfaceOrientationPortraitUpsideDown UIInterfaceOrientationLandscapeLeft UIInterfaceOrientationLandscapeRight";
				INFOPLIST_KEY_UISupportedInterfaceOrientations_iPhone = "UIInterfaceOrientationPortrait UIInterfaceOrientationLandscapeLeft UIInterfaceOrientationLandscapeRight";
				IPHONEOS_DEPLOYMENT_TARGET = 14.0;
				LD_RUNPATH_SEARCH_PATHS = (
					"$(inherited)",
					"@executable_path/Frameworks",
				);
				MARKETING_VERSION = 1.0;
				PRODUCT_BUNDLE_IDENTIFIER = com.am.PocketNetworking;
				PRODUCT_NAME = "$(TARGET_NAME)";
				SWIFT_EMIT_LOC_STRINGS = YES;
				SWIFT_VERSION = 5.0;
				TARGETED_DEVICE_FAMILY = "1,2";
			};
			name = Debug;
		};
		3049BF5D26C9D564001E2EF1 /* Release */ = {
			isa = XCBuildConfiguration;
			buildSettings = {
				ASSETCATALOG_COMPILER_APPICON_NAME = AppIcon;
				ASSETCATALOG_COMPILER_GLOBAL_ACCENT_COLOR_NAME = AccentColor;
				CODE_SIGN_STYLE = Automatic;
				CURRENT_PROJECT_VERSION = 1;
				DEVELOPMENT_ASSET_PATHS = "\"PocketNetworking/Preview Content\"";
				DEVELOPMENT_TEAM = JUS3FL3A74;
				ENABLE_PREVIEWS = YES;
				GENERATE_INFOPLIST_FILE = YES;
				INFOPLIST_KEY_UIApplicationSceneManifest_Generation = YES;
				INFOPLIST_KEY_UIApplicationSupportsIndirectInputEvents = YES;
				INFOPLIST_KEY_UILaunchScreen_Generation = YES;
				INFOPLIST_KEY_UISupportedInterfaceOrientations_iPad = "UIInterfaceOrientationPortrait UIInterfaceOrientationPortraitUpsideDown UIInterfaceOrientationLandscapeLeft UIInterfaceOrientationLandscapeRight";
				INFOPLIST_KEY_UISupportedInterfaceOrientations_iPhone = "UIInterfaceOrientationPortrait UIInterfaceOrientationLandscapeLeft UIInterfaceOrientationLandscapeRight";
				IPHONEOS_DEPLOYMENT_TARGET = 14.0;
				LD_RUNPATH_SEARCH_PATHS = (
					"$(inherited)",
					"@executable_path/Frameworks",
				);
				MARKETING_VERSION = 1.0;
				PRODUCT_BUNDLE_IDENTIFIER = com.am.PocketNetworking;
				PRODUCT_NAME = "$(TARGET_NAME)";
				SWIFT_EMIT_LOC_STRINGS = YES;
				SWIFT_VERSION = 5.0;
				TARGETED_DEVICE_FAMILY = "1,2";
			};
			name = Release;
		};
		3049BF5F26C9D564001E2EF1 /* Debug */ = {
			isa = XCBuildConfiguration;
			buildSettings = {
				ALWAYS_EMBED_SWIFT_STANDARD_LIBRARIES = YES;
				BUNDLE_LOADER = "$(TEST_HOST)";
				CODE_SIGN_STYLE = Automatic;
				CURRENT_PROJECT_VERSION = 1;
				DEVELOPMENT_TEAM = JUS3FL3A74;
				GENERATE_INFOPLIST_FILE = YES;
				IPHONEOS_DEPLOYMENT_TARGET = 14.0;
				LD_RUNPATH_SEARCH_PATHS = (
					"$(inherited)",
					"@executable_path/Frameworks",
					"@loader_path/Frameworks",
				);
				MARKETING_VERSION = 1.0;
				PRODUCT_BUNDLE_IDENTIFIER = com.am.PocketNetworkingTests;
				PRODUCT_NAME = "$(TARGET_NAME)";
				SWIFT_EMIT_LOC_STRINGS = NO;
				SWIFT_VERSION = 5.0;
				TARGETED_DEVICE_FAMILY = "1,2";
				TEST_HOST = "$(BUILT_PRODUCTS_DIR)/PocketNetworking.app/PocketNetworking";
			};
			name = Debug;
		};
		3049BF6026C9D564001E2EF1 /* Release */ = {
			isa = XCBuildConfiguration;
			buildSettings = {
				ALWAYS_EMBED_SWIFT_STANDARD_LIBRARIES = YES;
				BUNDLE_LOADER = "$(TEST_HOST)";
				CODE_SIGN_STYLE = Automatic;
				CURRENT_PROJECT_VERSION = 1;
				DEVELOPMENT_TEAM = JUS3FL3A74;
				GENERATE_INFOPLIST_FILE = YES;
				IPHONEOS_DEPLOYMENT_TARGET = 14.0;
				LD_RUNPATH_SEARCH_PATHS = (
					"$(inherited)",
					"@executable_path/Frameworks",
					"@loader_path/Frameworks",
				);
				MARKETING_VERSION = 1.0;
				PRODUCT_BUNDLE_IDENTIFIER = com.am.PocketNetworkingTests;
				PRODUCT_NAME = "$(TARGET_NAME)";
				SWIFT_EMIT_LOC_STRINGS = NO;
				SWIFT_VERSION = 5.0;
				TARGETED_DEVICE_FAMILY = "1,2";
				TEST_HOST = "$(BUILT_PRODUCTS_DIR)/PocketNetworking.app/PocketNetworking";
			};
			name = Release;
		};
		3049BF6226C9D564001E2EF1 /* Debug */ = {
			isa = XCBuildConfiguration;
			buildSettings = {
				ALWAYS_EMBED_SWIFT_STANDARD_LIBRARIES = YES;
				CODE_SIGN_STYLE = Automatic;
				CURRENT_PROJECT_VERSION = 1;
				DEVELOPMENT_TEAM = JUS3FL3A74;
				GENERATE_INFOPLIST_FILE = YES;
				LD_RUNPATH_SEARCH_PATHS = (
					"$(inherited)",
					"@executable_path/Frameworks",
					"@loader_path/Frameworks",
				);
				MARKETING_VERSION = 1.0;
				PRODUCT_BUNDLE_IDENTIFIER = com.am.PocketNetworkingUITests;
				PRODUCT_NAME = "$(TARGET_NAME)";
				SWIFT_EMIT_LOC_STRINGS = NO;
				SWIFT_VERSION = 5.0;
				TARGETED_DEVICE_FAMILY = "1,2";
				TEST_TARGET_NAME = PocketNetworking;
			};
			name = Debug;
		};
		3049BF6326C9D564001E2EF1 /* Release */ = {
			isa = XCBuildConfiguration;
			buildSettings = {
				ALWAYS_EMBED_SWIFT_STANDARD_LIBRARIES = YES;
				CODE_SIGN_STYLE = Automatic;
				CURRENT_PROJECT_VERSION = 1;
				DEVELOPMENT_TEAM = JUS3FL3A74;
				GENERATE_INFOPLIST_FILE = YES;
				LD_RUNPATH_SEARCH_PATHS = (
					"$(inherited)",
					"@executable_path/Frameworks",
					"@loader_path/Frameworks",
				);
				MARKETING_VERSION = 1.0;
				PRODUCT_BUNDLE_IDENTIFIER = com.am.PocketNetworkingUITests;
				PRODUCT_NAME = "$(TARGET_NAME)";
				SWIFT_EMIT_LOC_STRINGS = NO;
				SWIFT_VERSION = 5.0;
				TARGETED_DEVICE_FAMILY = "1,2";
				TEST_TARGET_NAME = PocketNetworking;
			};
			name = Release;
		};
/* End XCBuildConfiguration section */

/* Begin XCConfigurationList section */
		3049BF3426C9D562001E2EF1 /* Build configuration list for PBXProject "PocketNetworking" */ = {
			isa = XCConfigurationList;
			buildConfigurations = (
				3049BF5926C9D564001E2EF1 /* Debug */,
				3049BF5A26C9D564001E2EF1 /* Release */,
			);
			defaultConfigurationIsVisible = 0;
			defaultConfigurationName = Release;
		};
		3049BF5B26C9D564001E2EF1 /* Build configuration list for PBXNativeTarget "PocketNetworking" */ = {
			isa = XCConfigurationList;
			buildConfigurations = (
				3049BF5C26C9D564001E2EF1 /* Debug */,
				3049BF5D26C9D564001E2EF1 /* Release */,
			);
			defaultConfigurationIsVisible = 0;
			defaultConfigurationName = Release;
		};
		3049BF5E26C9D564001E2EF1 /* Build configuration list for PBXNativeTarget "PocketNetworkingTests" */ = {
			isa = XCConfigurationList;
			buildConfigurations = (
				3049BF5F26C9D564001E2EF1 /* Debug */,
				3049BF6026C9D564001E2EF1 /* Release */,
			);
			defaultConfigurationIsVisible = 0;
			defaultConfigurationName = Release;
		};
		3049BF6126C9D564001E2EF1 /* Build configuration list for PBXNativeTarget "PocketNetworkingUITests" */ = {
			isa = XCConfigurationList;
			buildConfigurations = (
				3049BF6226C9D564001E2EF1 /* Debug */,
				3049BF6326C9D564001E2EF1 /* Release */,
			);
			defaultConfigurationIsVisible = 0;
			defaultConfigurationName = Release;
		};
/* End XCConfigurationList section */

/* Begin XCSwiftPackageProductDependency section */
		3049BF6526C9D58B001E2EF1 /* pocketnetworking */ = {
			isa = XCSwiftPackageProductDependency;
			productName = pocketnetworking;
		};
/* End XCSwiftPackageProductDependency section */
	};
	rootObject = 3049BF3126C9D562001E2EF1 /* Project object */;
}
